// !$*UTF8*$!
{
	archiveVersion = 1;
	classes = {
	};
	objectVersion = 50;
	objects = {

/* Begin PBXBuildFile section */
		26AA4018255D59FA00491FC1 /* AppDelegate.swift in Sources */ = {isa = PBXBuildFile; fileRef = 26AA4017255D59FA00491FC1 /* AppDelegate.swift */; };
		26AA401A255D59FA00491FC1 /* SceneDelegate.swift in Sources */ = {isa = PBXBuildFile; fileRef = 26AA4019255D59FA00491FC1 /* SceneDelegate.swift */; };
		26AA401C255D59FA00491FC1 /* ViewController.swift in Sources */ = {isa = PBXBuildFile; fileRef = 26AA401B255D59FA00491FC1 /* ViewController.swift */; };
		26AA401F255D59FA00491FC1 /* Main.storyboard in Resources */ = {isa = PBXBuildFile; fileRef = 26AA401D255D59FA00491FC1 /* Main.storyboard */; };
		26AA4022255D59FA00491FC1 /* JWT.xcdatamodeld in Sources */ = {isa = PBXBuildFile; fileRef = 26AA4020255D59FA00491FC1 /* JWT.xcdatamodeld */; };
		26AA4024255D59FD00491FC1 /* Assets.xcassets in Resources */ = {isa = PBXBuildFile; fileRef = 26AA4023255D59FD00491FC1 /* Assets.xcassets */; };
		26AA4027255D59FD00491FC1 /* LaunchScreen.storyboard in Resources */ = {isa = PBXBuildFile; fileRef = 26AA4025255D59FD00491FC1 /* LaunchScreen.storyboard */; };
		26AA4032255D59FD00491FC1 /* JWTTests.swift in Sources */ = {isa = PBXBuildFile; fileRef = 26AA4031255D59FD00491FC1 /* JWTTests.swift */; };
		26AA403D255D59FD00491FC1 /* JWTUITests.swift in Sources */ = {isa = PBXBuildFile; fileRef = 26AA403C255D59FD00491FC1 /* JWTUITests.swift */; };
/* End PBXBuildFile section */

/* Begin PBXContainerItemProxy section */
		26AA402E255D59FD00491FC1 /* PBXContainerItemProxy */ = {
			isa = PBXContainerItemProxy;
			containerPortal = 26AA400C255D59F900491FC1 /* Project object */;
			proxyType = 1;
			remoteGlobalIDString = 26AA4013255D59FA00491FC1;
			remoteInfo = JWT;
		};
		26AA4039255D59FD00491FC1 /* PBXContainerItemProxy */ = {
			isa = PBXContainerItemProxy;
			containerPortal = 26AA400C255D59F900491FC1 /* Project object */;
			proxyType = 1;
			remoteGlobalIDString = 26AA4013255D59FA00491FC1;
			remoteInfo = JWT;
		};
/* End PBXContainerItemProxy section */

/* Begin PBXFileReference section */
		26AA4014255D59FA00491FC1 /* JWT.app */ = {isa = PBXFileReference; explicitFileType = wrapper.application; includeInIndex = 0; path = JWT.app; sourceTree = BUILT_PRODUCTS_DIR; };
		26AA4017255D59FA00491FC1 /* AppDelegate.swift */ = {isa = PBXFileReference; lastKnownFileType = sourcecode.swift; path = AppDelegate.swift; sourceTree = "<group>"; };
		26AA4019255D59FA00491FC1 /* SceneDelegate.swift */ = {isa = PBXFileReference; lastKnownFileType = sourcecode.swift; path = SceneDelegate.swift; sourceTree = "<group>"; };
		26AA401B255D59FA00491FC1 /* ViewController.swift */ = {isa = PBXFileReference; lastKnownFileType = sourcecode.swift; path = ViewController.swift; sourceTree = "<group>"; };
		26AA401E255D59FA00491FC1 /* Base */ = {isa = PBXFileReference; lastKnownFileType = file.storyboard; name = Base; path = Base.lproj/Main.storyboard; sourceTree = "<group>"; };
		26AA4021255D59FA00491FC1 /* JWT.xcdatamodel */ = {isa = PBXFileReference; lastKnownFileType = wrapper.xcdatamodel; path = JWT.xcdatamodel; sourceTree = "<group>"; };
		26AA4023255D59FD00491FC1 /* Assets.xcassets */ = {isa = PBXFileReference; lastKnownFileType = folder.assetcatalog; path = Assets.xcassets; sourceTree = "<group>"; };
		26AA4026255D59FD00491FC1 /* Base */ = {isa = PBXFileReference; lastKnownFileType = file.storyboard; name = Base; path = Base.lproj/LaunchScreen.storyboard; sourceTree = "<group>"; };
		26AA4028255D59FD00491FC1 /* Info.plist */ = {isa = PBXFileReference; lastKnownFileType = text.plist.xml; path = Info.plist; sourceTree = "<group>"; };
		26AA402D255D59FD00491FC1 /* JWTTests.xctest */ = {isa = PBXFileReference; explicitFileType = wrapper.cfbundle; includeInIndex = 0; path = JWTTests.xctest; sourceTree = BUILT_PRODUCTS_DIR; };
		26AA4031255D59FD00491FC1 /* JWTTests.swift */ = {isa = PBXFileReference; lastKnownFileType = sourcecode.swift; path = JWTTests.swift; sourceTree = "<group>"; };
		26AA4033255D59FD00491FC1 /* Info.plist */ = {isa = PBXFileReference; lastKnownFileType = text.plist.xml; path = Info.plist; sourceTree = "<group>"; };
		26AA4038255D59FD00491FC1 /* JWTUITests.xctest */ = {isa = PBXFileReference; explicitFileType = wrapper.cfbundle; includeInIndex = 0; path = JWTUITests.xctest; sourceTree = BUILT_PRODUCTS_DIR; };
		26AA403C255D59FD00491FC1 /* JWTUITests.swift */ = {isa = PBXFileReference; lastKnownFileType = sourcecode.swift; path = JWTUITests.swift; sourceTree = "<group>"; };
		26AA403E255D59FE00491FC1 /* Info.plist */ = {isa = PBXFileReference; lastKnownFileType = text.plist.xml; path = Info.plist; sourceTree = "<group>"; };
/* End PBXFileReference section */

/* Begin PBXFrameworksBuildPhase section */
		26AA4011255D59FA00491FC1 /* Frameworks */ = {
			isa = PBXFrameworksBuildPhase;
			buildActionMask = 2147483647;
			files = (
			);
			runOnlyForDeploymentPostprocessing = 0;
		};
		26AA402A255D59FD00491FC1 /* Frameworks */ = {
			isa = PBXFrameworksBuildPhase;
			buildActionMask = 2147483647;
			files = (
			);
			runOnlyForDeploymentPostprocessing = 0;
		};
		26AA4035255D59FD00491FC1 /* Frameworks */ = {
			isa = PBXFrameworksBuildPhase;
			buildActionMask = 2147483647;
			files = (
			);
			runOnlyForDeploymentPostprocessing = 0;
		};
/* End PBXFrameworksBuildPhase section */

/* Begin PBXGroup section */
		26AA400B255D59F900491FC1 = {
			isa = PBXGroup;
			children = (
				26AA4016255D59FA00491FC1 /* JWT */,
				26AA4030255D59FD00491FC1 /* JWTTests */,
				26AA403B255D59FD00491FC1 /* JWTUITests */,
				26AA4015255D59FA00491FC1 /* Products */,
			);
			sourceTree = "<group>";
		};
		26AA4015255D59FA00491FC1 /* Products */ = {
			isa = PBXGroup;
			children = (
				26AA4014255D59FA00491FC1 /* JWT.app */,
				26AA402D255D59FD00491FC1 /* JWTTests.xctest */,
				26AA4038255D59FD00491FC1 /* JWTUITests.xctest */,
			);
			name = Products;
			sourceTree = "<group>";
		};
		26AA4016255D59FA00491FC1 /* JWT */ = {
			isa = PBXGroup;
			children = (
				26AA4017255D59FA00491FC1 /* AppDelegate.swift */,
				26AA4019255D59FA00491FC1 /* SceneDelegate.swift */,
				26AA401B255D59FA00491FC1 /* ViewController.swift */,
				26AA401D255D59FA00491FC1 /* Main.storyboard */,
				26AA4023255D59FD00491FC1 /* Assets.xcassets */,
				26AA4025255D59FD00491FC1 /* LaunchScreen.storyboard */,
				26AA4028255D59FD00491FC1 /* Info.plist */,
				26AA4020255D59FA00491FC1 /* JWT.xcdatamodeld */,
			);
			path = JWT;
			sourceTree = "<group>";
		};
		26AA4030255D59FD00491FC1 /* JWTTests */ = {
			isa = PBXGroup;
			children = (
				26AA4031255D59FD00491FC1 /* JWTTests.swift */,
				26AA4033255D59FD00491FC1 /* Info.plist */,
			);
			path = JWTTests;
			sourceTree = "<group>";
		};
		26AA403B255D59FD00491FC1 /* JWTUITests */ = {
			isa = PBXGroup;
			children = (
				26AA403C255D59FD00491FC1 /* JWTUITests.swift */,
				26AA403E255D59FE00491FC1 /* Info.plist */,
			);
			path = JWTUITests;
			sourceTree = "<group>";
		};
/* End PBXGroup section */

/* Begin PBXNativeTarget section */
		26AA4013255D59FA00491FC1 /* JWT */ = {
			isa = PBXNativeTarget;
			buildConfigurationList = 26AA4041255D59FE00491FC1 /* Build configuration list for PBXNativeTarget "JWT" */;
			buildPhases = (
				26AA4010255D59FA00491FC1 /* Sources */,
				26AA4011255D59FA00491FC1 /* Frameworks */,
				26AA4012255D59FA00491FC1 /* Resources */,
			);
			buildRules = (
			);
			dependencies = (
			);
			name = JWT;
			productName = JWT;
			productReference = 26AA4014255D59FA00491FC1 /* JWT.app */;
			productType = "com.apple.product-type.application";
		};
		26AA402C255D59FD00491FC1 /* JWTTests */ = {
			isa = PBXNativeTarget;
			buildConfigurationList = 26AA4044255D59FE00491FC1 /* Build configuration list for PBXNativeTarget "JWTTests" */;
			buildPhases = (
				26AA4029255D59FD00491FC1 /* Sources */,
				26AA402A255D59FD00491FC1 /* Frameworks */,
				26AA402B255D59FD00491FC1 /* Resources */,
			);
			buildRules = (
			);
			dependencies = (
				26AA402F255D59FD00491FC1 /* PBXTargetDependency */,
			);
			name = JWTTests;
			productName = JWTTests;
			productReference = 26AA402D255D59FD00491FC1 /* JWTTests.xctest */;
			productType = "com.apple.product-type.bundle.unit-test";
		};
		26AA4037255D59FD00491FC1 /* JWTUITests */ = {
			isa = PBXNativeTarget;
			buildConfigurationList = 26AA4047255D59FE00491FC1 /* Build configuration list for PBXNativeTarget "JWTUITests" */;
			buildPhases = (
				26AA4034255D59FD00491FC1 /* Sources */,
				26AA4035255D59FD00491FC1 /* Frameworks */,
				26AA4036255D59FD00491FC1 /* Resources */,
			);
			buildRules = (
			);
			dependencies = (
				26AA403A255D59FD00491FC1 /* PBXTargetDependency */,
			);
			name = JWTUITests;
			productName = JWTUITests;
			productReference = 26AA4038255D59FD00491FC1 /* JWTUITests.xctest */;
			productType = "com.apple.product-type.bundle.ui-testing";
		};
/* End PBXNativeTarget section */

/* Begin PBXProject section */
		26AA400C255D59F900491FC1 /* Project object */ = {
			isa = PBXProject;
			attributes = {
				LastSwiftUpdateCheck = 1210;
				LastUpgradeCheck = 1210;
				TargetAttributes = {
					26AA4013255D59FA00491FC1 = {
						CreatedOnToolsVersion = 12.1;
					};
					26AA402C255D59FD00491FC1 = {
						CreatedOnToolsVersion = 12.1;
						TestTargetID = 26AA4013255D59FA00491FC1;
					};
					26AA4037255D59FD00491FC1 = {
						CreatedOnToolsVersion = 12.1;
						TestTargetID = 26AA4013255D59FA00491FC1;
					};
				};
			};
			buildConfigurationList = 26AA400F255D59F900491FC1 /* Build configuration list for PBXProject "JWT" */;
			compatibilityVersion = "Xcode 9.3";
			developmentRegion = en;
			hasScannedForEncodings = 0;
			knownRegions = (
				en,
				Base,
			);
			mainGroup = 26AA400B255D59F900491FC1;
			productRefGroup = 26AA4015255D59FA00491FC1 /* Products */;
			projectDirPath = "";
			projectRoot = "";
			targets = (
				26AA4013255D59FA00491FC1 /* JWT */,
				26AA402C255D59FD00491FC1 /* JWTTests */,
				26AA4037255D59FD00491FC1 /* JWTUITests */,
			);
		};
/* End PBXProject section */

/* Begin PBXResourcesBuildPhase section */
		26AA4012255D59FA00491FC1 /* Resources */ = {
			isa = PBXResourcesBuildPhase;
			buildActionMask = 2147483647;
			files = (
				26AA4027255D59FD00491FC1 /* LaunchScreen.storyboard in Resources */,
				26AA4024255D59FD00491FC1 /* Assets.xcassets in Resources */,
				26AA401F255D59FA00491FC1 /* Main.storyboard in Resources */,
			);
			runOnlyForDeploymentPostprocessing = 0;
		};
		26AA402B255D59FD00491FC1 /* Resources */ = {
			isa = PBXResourcesBuildPhase;
			buildActionMask = 2147483647;
			files = (
			);
			runOnlyForDeploymentPostprocessing = 0;
		};
		26AA4036255D59FD00491FC1 /* Resources */ = {
			isa = PBXResourcesBuildPhase;
			buildActionMask = 2147483647;
			files = (
			);
			runOnlyForDeploymentPostprocessing = 0;
		};
/* End PBXResourcesBuildPhase section */

/* Begin PBXSourcesBuildPhase section */
		26AA4010255D59FA00491FC1 /* Sources */ = {
			isa = PBXSourcesBuildPhase;
			buildActionMask = 2147483647;
			files = (
				26AA401C255D59FA00491FC1 /* ViewController.swift in Sources */,
				26AA4022255D59FA00491FC1 /* JWT.xcdatamodeld in Sources */,
				26AA4018255D59FA00491FC1 /* AppDelegate.swift in Sources */,
				26AA401A255D59FA00491FC1 /* SceneDelegate.swift in Sources */,
			);
			runOnlyForDeploymentPostprocessing = 0;
		};
		26AA4029255D59FD00491FC1 /* Sources */ = {
			isa = PBXSourcesBuildPhase;
			buildActionMask = 2147483647;
			files = (
				26AA4032255D59FD00491FC1 /* JWTTests.swift in Sources */,
			);
			runOnlyForDeploymentPostprocessing = 0;
		};
		26AA4034255D59FD00491FC1 /* Sources */ = {
			isa = PBXSourcesBuildPhase;
			buildActionMask = 2147483647;
			files = (
				26AA403D255D59FD00491FC1 /* JWTUITests.swift in Sources */,
			);
			runOnlyForDeploymentPostprocessing = 0;
		};
/* End PBXSourcesBuildPhase section */

/* Begin PBXTargetDependency section */
		26AA402F255D59FD00491FC1 /* PBXTargetDependency */ = {
			isa = PBXTargetDependency;
			target = 26AA4013255D59FA00491FC1 /* JWT */;
			targetProxy = 26AA402E255D59FD00491FC1 /* PBXContainerItemProxy */;
		};
		26AA403A255D59FD00491FC1 /* PBXTargetDependency */ = {
			isa = PBXTargetDependency;
			target = 26AA4013255D59FA00491FC1 /* JWT */;
			targetProxy = 26AA4039255D59FD00491FC1 /* PBXContainerItemProxy */;
		};
/* End PBXTargetDependency section */

/* Begin PBXVariantGroup section */
		26AA401D255D59FA00491FC1 /* Main.storyboard */ = {
			isa = PBXVariantGroup;
			children = (
				26AA401E255D59FA00491FC1 /* Base */,
			);
			name = Main.storyboard;
			sourceTree = "<group>";
		};
		26AA4025255D59FD00491FC1 /* LaunchScreen.storyboard */ = {
			isa = PBXVariantGroup;
			children = (
				26AA4026255D59FD00491FC1 /* Base */,
			);
			name = LaunchScreen.storyboard;
			sourceTree = "<group>";
		};
/* End PBXVariantGroup section */

/* Begin XCBuildConfiguration section */
		26AA403F255D59FE00491FC1 /* Debug */ = {
			isa = XCBuildConfiguration;
			buildSettings = {
				ALWAYS_SEARCH_USER_PATHS = NO;
				CLANG_ANALYZER_NONNULL = YES;
				CLANG_ANALYZER_NUMBER_OBJECT_CONVERSION = YES_AGGRESSIVE;
				CLANG_CXX_LANGUAGE_STANDARD = "gnu++14";
				CLANG_CXX_LIBRARY = "libc++";
				CLANG_ENABLE_MODULES = YES;
				CLANG_ENABLE_OBJC_ARC = YES;
				CLANG_ENABLE_OBJC_WEAK = YES;
				CLANG_WARN_BLOCK_CAPTURE_AUTORELEASING = YES;
				CLANG_WARN_BOOL_CONVERSION = YES;
				CLANG_WARN_COMMA = YES;
				CLANG_WARN_CONSTANT_CONVERSION = YES;
				CLANG_WARN_DEPRECATED_OBJC_IMPLEMENTATIONS = YES;
				CLANG_WARN_DIRECT_OBJC_ISA_USAGE = YES_ERROR;
				CLANG_WARN_DOCUMENTATION_COMMENTS = YES;
				CLANG_WARN_EMPTY_BODY = YES;
				CLANG_WARN_ENUM_CONVERSION = YES;
				CLANG_WARN_INFINITE_RECURSION = YES;
				CLANG_WARN_INT_CONVERSION = YES;
				CLANG_WARN_NON_LITERAL_NULL_CONVERSION = YES;
				CLANG_WARN_OBJC_IMPLICIT_RETAIN_SELF = YES;
				CLANG_WARN_OBJC_LITERAL_CONVERSION = YES;
				CLANG_WARN_OBJC_ROOT_CLASS = YES_ERROR;
				CLANG_WARN_QUOTED_INCLUDE_IN_FRAMEWORK_HEADER = YES;
				CLANG_WARN_RANGE_LOOP_ANALYSIS = YES;
				CLANG_WARN_STRICT_PROTOTYPES = YES;
				CLANG_WARN_SUSPICIOUS_MOVE = YES;
				CLANG_WARN_UNGUARDED_AVAILABILITY = YES_AGGRESSIVE;
				CLANG_WARN_UNREACHABLE_CODE = YES;
				CLANG_WARN__DUPLICATE_METHOD_MATCH = YES;
				COPY_PHASE_STRIP = NO;
				DEBUG_INFORMATION_FORMAT = dwarf;
				ENABLE_STRICT_OBJC_MSGSEND = YES;
				ENABLE_TESTABILITY = YES;
				GCC_C_LANGUAGE_STANDARD = gnu11;
				GCC_DYNAMIC_NO_PIC = NO;
				GCC_NO_COMMON_BLOCKS = YES;
				GCC_OPTIMIZATION_LEVEL = 0;
				GCC_PREPROCESSOR_DEFINITIONS = (
					"DEBUG=1",
					"$(inherited)",
				);
				GCC_WARN_64_TO_32_BIT_CONVERSION = YES;
				GCC_WARN_ABOUT_RETURN_TYPE = YES_ERROR;
				GCC_WARN_UNDECLARED_SELECTOR = YES;
				GCC_WARN_UNINITIALIZED_AUTOS = YES_AGGRESSIVE;
				GCC_WARN_UNUSED_FUNCTION = YES;
				GCC_WARN_UNUSED_VARIABLE = YES;
				IPHONEOS_DEPLOYMENT_TARGET = 14.1;
				MTL_ENABLE_DEBUG_INFO = INCLUDE_SOURCE;
				MTL_FAST_MATH = YES;
				ONLY_ACTIVE_ARCH = YES;
				SDKROOT = iphoneos;
				SWIFT_ACTIVE_COMPILATION_CONDITIONS = DEBUG;
				SWIFT_OPTIMIZATION_LEVEL = "-Onone";
			};
			name = Debug;
		};
		26AA4040255D59FE00491FC1 /* Release */ = {
			isa = XCBuildConfiguration;
			buildSettings = {
				ALWAYS_SEARCH_USER_PATHS = NO;
				CLANG_ANALYZER_NONNULL = YES;
				CLANG_ANALYZER_NUMBER_OBJECT_CONVERSION = YES_AGGRESSIVE;
				CLANG_CXX_LANGUAGE_STANDARD = "gnu++14";
				CLANG_CXX_LIBRARY = "libc++";
				CLANG_ENABLE_MODULES = YES;
				CLANG_ENABLE_OBJC_ARC = YES;
				CLANG_ENABLE_OBJC_WEAK = YES;
				CLANG_WARN_BLOCK_CAPTURE_AUTORELEASING = YES;
				CLANG_WARN_BOOL_CONVERSION = YES;
				CLANG_WARN_COMMA = YES;
				CLANG_WARN_CONSTANT_CONVERSION = YES;
				CLANG_WARN_DEPRECATED_OBJC_IMPLEMENTATIONS = YES;
				CLANG_WARN_DIRECT_OBJC_ISA_USAGE = YES_ERROR;
				CLANG_WARN_DOCUMENTATION_COMMENTS = YES;
				CLANG_WARN_EMPTY_BODY = YES;
				CLANG_WARN_ENUM_CONVERSION = YES;
				CLANG_WARN_INFINITE_RECURSION = YES;
				CLANG_WARN_INT_CONVERSION = YES;
				CLANG_WARN_NON_LITERAL_NULL_CONVERSION = YES;
				CLANG_WARN_OBJC_IMPLICIT_RETAIN_SELF = YES;
				CLANG_WARN_OBJC_LITERAL_CONVERSION = YES;
				CLANG_WARN_OBJC_ROOT_CLASS = YES_ERROR;
				CLANG_WARN_QUOTED_INCLUDE_IN_FRAMEWORK_HEADER = YES;
				CLANG_WARN_RANGE_LOOP_ANALYSIS = YES;
				CLANG_WARN_STRICT_PROTOTYPES = YES;
				CLANG_WARN_SUSPICIOUS_MOVE = YES;
				CLANG_WARN_UNGUARDED_AVAILABILITY = YES_AGGRESSIVE;
				CLANG_WARN_UNREACHABLE_CODE = YES;
				CLANG_WARN__DUPLICATE_METHOD_MATCH = YES;
				COPY_PHASE_STRIP = NO;
				DEBUG_INFORMATION_FORMAT = "dwarf-with-dsym";
				ENABLE_NS_ASSERTIONS = NO;
				ENABLE_STRICT_OBJC_MSGSEND = YES;
				GCC_C_LANGUAGE_STANDARD = gnu11;
				GCC_NO_COMMON_BLOCKS = YES;
				GCC_WARN_64_TO_32_BIT_CONVERSION = YES;
				GCC_WARN_ABOUT_RETURN_TYPE = YES_ERROR;
				GCC_WARN_UNDECLARED_SELECTOR = YES;
				GCC_WARN_UNINITIALIZED_AUTOS = YES_AGGRESSIVE;
				GCC_WARN_UNUSED_FUNCTION = YES;
				GCC_WARN_UNUSED_VARIABLE = YES;
				IPHONEOS_DEPLOYMENT_TARGET = 14.1;
				MTL_ENABLE_DEBUG_INFO = NO;
				MTL_FAST_MATH = YES;
				SDKROOT = iphoneos;
				SWIFT_COMPILATION_MODE = wholemodule;
				SWIFT_OPTIMIZATION_LEVEL = "-O";
				VALIDATE_PRODUCT = YES;
			};
			name = Release;
		};
		26AA4042255D59FE00491FC1 /* Debug */ = {
			isa = XCBuildConfiguration;
			buildSettings = {
				ASSETCATALOG_COMPILER_APPICON_NAME = AppIcon;
				ASSETCATALOG_COMPILER_GLOBAL_ACCENT_COLOR_NAME = AccentColor;
				CODE_SIGN_STYLE = Automatic;
				DEVELOPMENT_TEAM = 623Z4AJPD6;
				INFOPLIST_FILE = JWT/Info.plist;
				LD_RUNPATH_SEARCH_PATHS = (
					"$(inherited)",
					"@executable_path/Frameworks",
				);
				PRODUCT_BUNDLE_IDENTIFIER = com.sefacelik.JWT;
				PRODUCT_NAME = "$(TARGET_NAME)";
				SWIFT_VERSION = 5.0;
				TARGETED_DEVICE_FAMILY = "1,2";
			};
			name = Debug;
		};
		26AA4043255D59FE00491FC1 /* Release */ = {
			isa = XCBuildConfiguration;
			buildSettings = {
				ASSETCATALOG_COMPILER_APPICON_NAME = AppIcon;
				ASSETCATALOG_COMPILER_GLOBAL_ACCENT_COLOR_NAME = AccentColor;
				CODE_SIGN_STYLE = Automatic;
				DEVELOPMENT_TEAM = 623Z4AJPD6;
				INFOPLIST_FILE = JWT/Info.plist;
				LD_RUNPATH_SEARCH_PATHS = (
					"$(inherited)",
					"@executable_path/Frameworks",
				);
				PRODUCT_BUNDLE_IDENTIFIER = com.sefacelik.JWT;
				PRODUCT_NAME = "$(TARGET_NAME)";
				SWIFT_VERSION = 5.0;
				TARGETED_DEVICE_FAMILY = "1,2";
			};
			name = Release;
		};
		26AA4045255D59FE00491FC1 /* Debug */ = {
			isa = XCBuildConfiguration;
			buildSettings = {
				ALWAYS_EMBED_SWIFT_STANDARD_LIBRARIES = YES;
				BUNDLE_LOADER = "$(TEST_HOST)";
				CODE_SIGN_STYLE = Automatic;
				DEVELOPMENT_TEAM = 623Z4AJPD6;
				INFOPLIST_FILE = JWTTests/Info.plist;
				IPHONEOS_DEPLOYMENT_TARGET = 14.1;
				LD_RUNPATH_SEARCH_PATHS = (
					"$(inherited)",
					"@executable_path/Frameworks",
					"@loader_path/Frameworks",
				);
				PRODUCT_BUNDLE_IDENTIFIER = com.sefacelik.JWTTests;
				PRODUCT_NAME = "$(TARGET_NAME)";
				SWIFT_VERSION = 5.0;
				TARGETED_DEVICE_FAMILY = "1,2";
				TEST_HOST = "$(BUILT_PRODUCTS_DIR)/JWT.app/JWT";
			};
			name = Debug;
		};
		26AA4046255D59FE00491FC1 /* Release */ = {
			isa = XCBuildConfiguration;
			buildSettings = {
				ALWAYS_EMBED_SWIFT_STANDARD_LIBRARIES = YES;
				BUNDLE_LOADER = "$(TEST_HOST)";
				CODE_SIGN_STYLE = Automatic;
				DEVELOPMENT_TEAM = 623Z4AJPD6;
				INFOPLIST_FILE = JWTTests/Info.plist;
				IPHONEOS_DEPLOYMENT_TARGET = 14.1;
				LD_RUNPATH_SEARCH_PATHS = (
					"$(inherited)",
					"@executable_path/Frameworks",
					"@loader_path/Frameworks",
				);
				PRODUCT_BUNDLE_IDENTIFIER = com.sefacelik.JWTTests;
				PRODUCT_NAME = "$(TARGET_NAME)";
				SWIFT_VERSION = 5.0;
				TARGETED_DEVICE_FAMILY = "1,2";
				TEST_HOST = "$(BUILT_PRODUCTS_DIR)/JWT.app/JWT";
			};
			name = Release;
		};
		26AA4048255D59FE00491FC1 /* Debug */ = {
			isa = XCBuildConfiguration;
			buildSettings = {
				ALWAYS_EMBED_SWIFT_STANDARD_LIBRARIES = YES;
				CODE_SIGN_STYLE = Automatic;
				DEVELOPMENT_TEAM = 623Z4AJPD6;
				INFOPLIST_FILE = JWTUITests/Info.plist;
				LD_RUNPATH_SEARCH_PATHS = (
					"$(inherited)",
					"@executable_path/Frameworks",
					"@loader_path/Frameworks",
				);
				PRODUCT_BUNDLE_IDENTIFIER = com.sefacelik.JWTUITests;
				PRODUCT_NAME = "$(TARGET_NAME)";
				SWIFT_VERSION = 5.0;
				TARGETED_DEVICE_FAMILY = "1,2";
				TEST_TARGET_NAME = JWT;
			};
			name = Debug;
		};
		26AA4049255D59FE00491FC1 /* Release */ = {
			isa = XCBuildConfiguration;
			buildSettings = {
				ALWAYS_EMBED_SWIFT_STANDARD_LIBRARIES = YES;
				CODE_SIGN_STYLE = Automatic;
				DEVELOPMENT_TEAM = 623Z4AJPD6;
				INFOPLIST_FILE = JWTUITests/Info.plist;
				LD_RUNPATH_SEARCH_PATHS = (
					"$(inherited)",
					"@executable_path/Frameworks",
					"@loader_path/Frameworks",
				);
				PRODUCT_BUNDLE_IDENTIFIER = com.sefacelik.JWTUITests;
				PRODUCT_NAME = "$(TARGET_NAME)";
				SWIFT_VERSION = 5.0;
				TARGETED_DEVICE_FAMILY = "1,2";
				TEST_TARGET_NAME = JWT;
			};
			name = Release;
		};
/* End XCBuildConfiguration section */

/* Begin XCConfigurationList section */
		26AA400F255D59F900491FC1 /* Build configuration list for PBXProject "JWT" */ = {
			isa = XCConfigurationList;
			buildConfigurations = (
				26AA403F255D59FE00491FC1 /* Debug */,
				26AA4040255D59FE00491FC1 /* Release */,
			);
			defaultConfigurationIsVisible = 0;
			defaultConfigurationName = Release;
		};
		26AA4041255D59FE00491FC1 /* Build configuration list for PBXNativeTarget "JWT" */ = {
			isa = XCConfigurationList;
			buildConfigurations = (
				26AA4042255D59FE00491FC1 /* Debug */,
				26AA4043255D59FE00491FC1 /* Release */,
			);
			defaultConfigurationIsVisible = 0;
			defaultConfigurationName = Release;
		};
		26AA4044255D59FE00491FC1 /* Build configuration list for PBXNativeTarget "JWTTests" */ = {
			isa = XCConfigurationList;
			buildConfigurations = (
				26AA4045255D59FE00491FC1 /* Debug */,
				26AA4046255D59FE00491FC1 /* Release */,
			);
			defaultConfigurationIsVisible = 0;
			defaultConfigurationName = Release;
		};
		26AA4047255D59FE00491FC1 /* Build configuration list for PBXNativeTarget "JWTUITests" */ = {
			isa = XCConfigurationList;
			buildConfigurations = (
				26AA4048255D59FE00491FC1 /* Debug */,
				26AA4049255D59FE00491FC1 /* Release */,
			);
			defaultConfigurationIsVisible = 0;
			defaultConfigurationName = Release;
		};
/* End XCConfigurationList section */

/* Begin XCVersionGroup section */
		26AA4020255D59FA00491FC1 /* JWT.xcdatamodeld */ = {
			isa = XCVersionGroup;
			children = (
				26AA4021255D59FA00491FC1 /* JWT.xcdatamodel */,
			);
			currentVersion = 26AA4021255D59FA00491FC1 /* JWT.xcdatamodel */;
			path = JWT.xcdatamodeld;
			sourceTree = "<group>";
			versionGroupType = wrapper.xcdatamodel;
		};
/* End XCVersionGroup section */
	};
	rootObject = 26AA400C255D59F900491FC1 /* Project object */;
}
